// !$*UTF8*$!
{
	archiveVersion = 1;
	classes = {
	};
	objectVersion = 46;
	objects = {

/* Begin PBXBuildFile section */
		3E6046D01B73335600320621 /* main.m in Sources */ = {isa = PBXBuildFile; fileRef = 3E6046CF1B73335600320621 /* main.m */; };
		3E6046D31B73335600320621 /* AppDelegate.m in Sources */ = {isa = PBXBuildFile; fileRef = 3E6046D21B73335600320621 /* AppDelegate.m */; };
		3E6046DB1B73335600320621 /* Images.xcassets in Resources */ = {isa = PBXBuildFile; fileRef = 3E6046DA1B73335600320621 /* Images.xcassets */; };
		3E6046DE1B73335600320621 /* LaunchScreen.xib in Resources */ = {isa = PBXBuildFile; fileRef = 3E6046DC1B73335600320621 /* LaunchScreen.xib */; };
		3E6046EA1B73335600320621 /* __PassedValueTests.m in Sources */ = {isa = PBXBuildFile; fileRef = 3E6046E91B73335600320621 /* __PassedValueTests.m */; };
		3E6046F51B73338C00320621 /* FirstViewController.m in Sources */ = {isa = PBXBuildFile; fileRef = 3E6046F41B73338C00320621 /* FirstViewController.m */; };
		3E6046F81B73367E00320621 /* HomeViewController.m in Sources */ = {isa = PBXBuildFile; fileRef = 3E6046F71B73367E00320621 /* HomeViewController.m */; };
		3E6046FB1B735AB200320621 /* InstanceHandle.m in Sources */ = {isa = PBXBuildFile; fileRef = 3E6046FA1B735AB200320621 /* InstanceHandle.m */; };
/* End PBXBuildFile section */

/* Begin PBXContainerItemProxy section */
		3E6046E41B73335600320621 /* PBXContainerItemProxy */ = {
			isa = PBXContainerItemProxy;
			containerPortal = 3E6046C21B73335600320621 /* Project object */;
			proxyType = 1;
			remoteGlobalIDString = 3E6046C91B73335600320621;
			remoteInfo = "传值PassedValue";
		};
/* End PBXContainerItemProxy section */

/* Begin PBXFileReference section */
		3E6046CA1B73335600320621 /* 传值PassedValue.app */ = {isa = PBXFileReference; explicitFileType = wrapper.application; includeInIndex = 0; path = "传值PassedValue.app"; sourceTree = BUILT_PRODUCTS_DIR; };
		3E6046CE1B73335600320621 /* Info.plist */ = {isa = PBXFileReference; lastKnownFileType = text.plist.xml; path = Info.plist; sourceTree = "<group>"; };
		3E6046CF1B73335600320621 /* main.m */ = {isa = PBXFileReference; lastKnownFileType = sourcecode.c.objc; path = main.m; sourceTree = "<group>"; };
		3E6046D11B73335600320621 /* AppDelegate.h */ = {isa = PBXFileReference; lastKnownFileType = sourcecode.c.h; path = AppDelegate.h; sourceTree = "<group>"; };
		3E6046D21B73335600320621 /* AppDelegate.m */ = {isa = PBXFileReference; lastKnownFileType = sourcecode.c.objc; path = AppDelegate.m; sourceTree = "<group>"; };
		3E6046DA1B73335600320621 /* Images.xcassets */ = {isa = PBXFileReference; lastKnownFileType = folder.assetcatalog; path = Images.xcassets; sourceTree = "<group>"; };
		3E6046DD1B73335600320621 /* Base */ = {isa = PBXFileReference; lastKnownFileType = file.xib; name = Base; path = Base.lproj/LaunchScreen.xib; sourceTree = "<group>"; };
		3E6046E31B73335600320621 /* 传值PassedValueTests.xctest */ = {isa = PBXFileReference; explicitFileType = wrapper.cfbundle; includeInIndex = 0; path = "传值PassedValueTests.xctest"; sourceTree = BUILT_PRODUCTS_DIR; };
		3E6046E81B73335600320621 /* Info.plist */ = {isa = PBXFileReference; lastKnownFileType = text.plist.xml; path = Info.plist; sourceTree = "<group>"; };
		3E6046E91B73335600320621 /* __PassedValueTests.m */ = {isa = PBXFileReference; lastKnownFileType = sourcecode.c.objc; path = __PassedValueTests.m; sourceTree = "<group>"; };
		3E6046F31B73338C00320621 /* FirstViewController.h */ = {isa = PBXFileReference; fileEncoding = 4; lastKnownFileType = sourcecode.c.h; path = FirstViewController.h; sourceTree = "<group>"; };
		3E6046F41B73338C00320621 /* FirstViewController.m */ = {isa = PBXFileReference; fileEncoding = 4; lastKnownFileType = sourcecode.c.objc; path = FirstViewController.m; sourceTree = "<group>"; };
		3E6046F61B73367E00320621 /* HomeViewController.h */ = {isa = PBXFileReference; fileEncoding = 4; lastKnownFileType = sourcecode.c.h; path = HomeViewController.h; sourceTree = "<group>"; };
		3E6046F71B73367E00320621 /* HomeViewController.m */ = {isa = PBXFileReference; fileEncoding = 4; lastKnownFileType = sourcecode.c.objc; path = HomeViewController.m; sourceTree = "<group>"; };
		3E6046F91B735AB200320621 /* InstanceHandle.h */ = {isa = PBXFileReference; fileEncoding = 4; lastKnownFileType = sourcecode.c.h; path = InstanceHandle.h; sourceTree = "<group>"; };
		3E6046FA1B735AB200320621 /* InstanceHandle.m */ = {isa = PBXFileReference; fileEncoding = 4; lastKnownFileType = sourcecode.c.objc; path = InstanceHandle.m; sourceTree = "<group>"; };
/* End PBXFileReference section */

/* Begin PBXFrameworksBuildPhase section */
		3E6046C71B73335600320621 /* Frameworks */ = {
			isa = PBXFrameworksBuildPhase;
			buildActionMask = 2147483647;
			files = (
			);
			runOnlyForDeploymentPostprocessing = 0;
		};
		3E6046E01B73335600320621 /* Frameworks */ = {
			isa = PBXFrameworksBuildPhase;
			buildActionMask = 2147483647;
			files = (
			);
			runOnlyForDeploymentPostprocessing = 0;
		};
/* End PBXFrameworksBuildPhase section */

/* Begin PBXGroup section */
		3E6046C11B73335600320621 = {
			isa = PBXGroup;
			children = (
				3E6046CC1B73335600320621 /* 传值PassedValue */,
				3E6046E61B73335600320621 /* 传值PassedValueTests */,
				3E6046CB1B73335600320621 /* Products */,
			);
			sourceTree = "<group>";
		};
		3E6046CB1B73335600320621 /* Products */ = {
			isa = PBXGroup;
			children = (
				3E6046CA1B73335600320621 /* 传值PassedValue.app */,
				3E6046E31B73335600320621 /* 传值PassedValueTests.xctest */,
			);
			name = Products;
			sourceTree = "<group>";
		};
		3E6046CC1B73335600320621 /* 传值PassedValue */ = {
			isa = PBXGroup;
			children = (
				3E6046D11B73335600320621 /* AppDelegate.h */,
				3E6046D21B73335600320621 /* AppDelegate.m */,
				3E6046F61B73367E00320621 /* HomeViewController.h */,
				3E6046F71B73367E00320621 /* HomeViewController.m */,
				3E6046F31B73338C00320621 /* FirstViewController.h */,
				3E6046F41B73338C00320621 /* FirstViewController.m */,
				3E6046DA1B73335600320621 /* Images.xcassets */,
				3E6046DC1B73335600320621 /* LaunchScreen.xib */,
				3E6046CD1B73335600320621 /* Supporting Files */,
				3E6046F91B735AB200320621 /* InstanceHandle.h */,
				3E6046FA1B735AB200320621 /* InstanceHandle.m */,
			);
			path = "传值PassedValue";
			sourceTree = "<group>";
		};
		3E6046CD1B73335600320621 /* Supporting Files */ = {
			isa = PBXGroup;
			children = (
				3E6046CE1B73335600320621 /* Info.plist */,
				3E6046CF1B73335600320621 /* main.m */,
			);
			name = "Supporting Files";
			sourceTree = "<group>";
		};
		3E6046E61B73335600320621 /* 传值PassedValueTests */ = {
			isa = PBXGroup;
			children = (
				3E6046E91B73335600320621 /* __PassedValueTests.m */,
				3E6046E71B73335600320621 /* Supporting Files */,
			);
			path = "传值PassedValueTests";
			sourceTree = "<group>";
		};
		3E6046E71B73335600320621 /* Supporting Files */ = {
			isa = PBXGroup;
			children = (
				3E6046E81B73335600320621 /* Info.plist */,
			);
			name = "Supporting Files";
			sourceTree = "<group>";
		};
/* End PBXGroup section */

/* Begin PBXNativeTarget section */
		3E6046C91B73335600320621 /* 传值PassedValue */ = {
			isa = PBXNativeTarget;
			buildConfigurationList = 3E6046ED1B73335600320621 /* Build configuration list for PBXNativeTarget "传值PassedValue" */;
			buildPhases = (
				3E6046C61B73335600320621 /* Sources */,
				3E6046C71B73335600320621 /* Frameworks */,
				3E6046C81B73335600320621 /* Resources */,
			);
			buildRules = (
			);
			dependencies = (
			);
			name = "传值PassedValue";
			productName = "传值PassedValue";
			productReference = 3E6046CA1B73335600320621 /* 传值PassedValue.app */;
			productType = "com.apple.product-type.application";
		};
		3E6046E21B73335600320621 /* 传值PassedValueTests */ = {
			isa = PBXNativeTarget;
			buildConfigurationList = 3E6046F01B73335600320621 /* Build configuration list for PBXNativeTarget "传值PassedValueTests" */;
			buildPhases = (
				3E6046DF1B73335600320621 /* Sources */,
				3E6046E01B73335600320621 /* Frameworks */,
				3E6046E11B73335600320621 /* Resources */,
			);
			buildRules = (
			);
			dependencies = (
				3E6046E51B73335600320621 /* PBXTargetDependency */,
			);
			name = "传值PassedValueTests";
			productName = "传值PassedValueTests";
			productReference = 3E6046E31B73335600320621 /* 传值PassedValueTests.xctest */;
			productType = "com.apple.product-type.bundle.unit-test";
		};
/* End PBXNativeTarget section */

/* Begin PBXProject section */
		3E6046C21B73335600320621 /* Project object */ = {
			isa = PBXProject;
			attributes = {
				LastUpgradeCheck = 0620;
				ORGANIZATIONNAME = lin;
				TargetAttributes = {
					3E6046C91B73335600320621 = {
						CreatedOnToolsVersion = 6.2;
					};
					3E6046E21B73335600320621 = {
						CreatedOnToolsVersion = 6.2;
						TestTargetID = 3E6046C91B73335600320621;
					};
				};
			};
			buildConfigurationList = 3E6046C51B73335600320621 /* Build configuration list for PBXProject "传值PassedValue" */;
			compatibilityVersion = "Xcode 3.2";
			developmentRegion = English;
			hasScannedForEncodings = 0;
			knownRegions = (
				en,
				Base,
			);
			mainGroup = 3E6046C11B73335600320621;
			productRefGroup = 3E6046CB1B73335600320621 /* Products */;
			projectDirPath = "";
			projectRoot = "";
			targets = (
				3E6046C91B73335600320621 /* 传值PassedValue */,
				3E6046E21B73335600320621 /* 传值PassedValueTests */,
			);
		};
/* End PBXProject section */

/* Begin PBXResourcesBuildPhase section */
		3E6046C81B73335600320621 /* Resources */ = {
			isa = PBXResourcesBuildPhase;
			buildActionMask = 2147483647;
			files = (
				3E6046DE1B73335600320621 /* LaunchScreen.xib in Resources */,
				3E6046DB1B73335600320621 /* Images.xcassets in Resources */,
			);
			runOnlyForDeploymentPostprocessing = 0;
		};
		3E6046E11B73335600320621 /* Resources */ = {
			isa = PBXResourcesBuildPhase;
			buildActionMask = 2147483647;
			files = (
			);
			runOnlyForDeploymentPostprocessing = 0;
		};
/* End PBXResourcesBuildPhase section */

/* Begin PBXSourcesBuildPhase section */
		3E6046C61B73335600320621 /* Sources */ = {
			isa = PBXSourcesBuildPhase;
			buildActionMask = 2147483647;
			files = (
				3E6046D31B73335600320621 /* AppDelegate.m in Sources */,
				3E6046D01B73335600320621 /* main.m in Sources */,
				3E6046FB1B735AB200320621 /* InstanceHandle.m in Sources */,
				3E6046F51B73338C00320621 /* FirstViewController.m in Sources */,
				3E6046F81B73367E00320621 /* HomeViewController.m in Sources */,
			);
			runOnlyForDeploymentPostprocessing = 0;
		};
		3E6046DF1B73335600320621 /* Sources */ = {
			isa = PBXSourcesBuildPhase;
			buildActionMask = 2147483647;
			files = (
				3E6046EA1B73335600320621 /* __PassedValueTests.m in Sources */,
			);
			runOnlyForDeploymentPostprocessing = 0;
		};
/* End PBXSourcesBuildPhase section */

/* Begin PBXTargetDependency section */
		3E6046E51B73335600320621 /* PBXTargetDependency */ = {
			isa = PBXTargetDependency;
			target = 3E6046C91B73335600320621 /* 传值PassedValue */;
			targetProxy = 3E6046E41B73335600320621 /* PBXContainerItemProxy */;
		};
/* End PBXTargetDependency section */

/* Begin PBXVariantGroup section */
		3E6046DC1B73335600320621 /* LaunchScreen.xib */ = {
			isa = PBXVariantGroup;
			children = (
				3E6046DD1B73335600320621 /* Base */,
			);
			name = LaunchScreen.xib;
			sourceTree = "<group>";
		};
/* End PBXVariantGroup section */

/* Begin XCBuildConfiguration section */
		3E6046EB1B73335600320621 /* Debug */ = {
			isa = XCBuildConfiguration;
			buildSettings = {
				ALWAYS_SEARCH_USER_PATHS = NO;
				CLANG_CXX_LANGUAGE_STANDARD = "gnu++0x";
				CLANG_CXX_LIBRARY = "libc++";
				CLANG_ENABLE_MODULES = YES;
				CLANG_ENABLE_OBJC_ARC = YES;
				CLANG_WARN_BOOL_CONVERSION = YES;
				CLANG_WARN_CONSTANT_CONVERSION = YES;
				CLANG_WARN_DIRECT_OBJC_ISA_USAGE = YES_ERROR;
				CLANG_WARN_EMPTY_BODY = YES;
				CLANG_WARN_ENUM_CONVERSION = YES;
				CLANG_WARN_INT_CONVERSION = YES;
				CLANG_WARN_OBJC_ROOT_CLASS = YES_ERROR;
				CLANG_WARN_UNREACHABLE_CODE = YES;
				CLANG_WARN__DUPLICATE_METHOD_MATCH = YES;
				"CODE_SIGN_IDENTITY[sdk=iphoneos*]" = "iPhone Developer";
				COPY_PHASE_STRIP = NO;
				ENABLE_STRICT_OBJC_MSGSEND = YES;
				GCC_C_LANGUAGE_STANDARD = gnu99;
				GCC_DYNAMIC_NO_PIC = NO;
				GCC_OPTIMIZATION_LEVEL = 0;
				GCC_PREPROCESSOR_DEFINITIONS = (
					"DEBUG=1",
					"$(inherited)",
				);
				GCC_SYMBOLS_PRIVATE_EXTERN = NO;
				GCC_WARN_64_TO_32_BIT_CONVERSION = YES;
				GCC_WARN_ABOUT_RETURN_TYPE = YES_ERROR;
				GCC_WARN_UNDECLARED_SELECTOR = YES;
				GCC_WARN_UNINITIALIZED_AUTOS = YES_AGGRESSIVE;
				GCC_WARN_UNUSED_FUNCTION = YES;
				GCC_WARN_UNUSED_VARIABLE = YES;
				IPHONEOS_DEPLOYMENT_TARGET = 8.2;
				MTL_ENABLE_DEBUG_INFO = YES;
				ONLY_ACTIVE_ARCH = YES;
				SDKROOT = iphoneos;
			};
			name = Debug;
		};
		3E6046EC1B73335600320621 /* Release */ = {
			isa = XCBuildConfiguration;
			buildSettings = {
				ALWAYS_SEARCH_USER_PATHS = NO;
				CLANG_CXX_LANGUAGE_STANDARD = "gnu++0x";
				CLANG_CXX_LIBRARY = "libc++";
				CLANG_ENABLE_MODULES = YES;
				CLANG_ENABLE_OBJC_ARC = YES;
				CLANG_WARN_BOOL_CONVERSION = YES;
				CLANG_WARN_CONSTANT_CONVERSION = YES;
				CLANG_WARN_DIRECT_OBJC_ISA_USAGE = YES_ERROR;
				CLANG_WARN_EMPTY_BODY = YES;
				CLANG_WARN_ENUM_CONVERSION = YES;
				CLANG_WARN_INT_CONVERSION = YES;
				CLANG_WARN_OBJC_ROOT_CLASS = YES_ERROR;
				CLANG_WARN_UNREACHABLE_CODE = YES;
				CLANG_WARN__DUPLICATE_METHOD_MATCH = YES;
				"CODE_SIGN_IDENTITY[sdk=iphoneos*]" = "iPhone Developer";
				COPY_PHASE_STRIP = NO;
				ENABLE_NS_ASSERTIONS = NO;
				ENABLE_STRICT_OBJC_MSGSEND = YES;
				GCC_C_LANGUAGE_STANDARD = gnu99;
				GCC_WARN_64_TO_32_BIT_CONVERSION = YES;
				GCC_WARN_ABOUT_RETURN_TYPE = YES_ERROR;
				GCC_WARN_UNDECLARED_SELECTOR = YES;
				GCC_WARN_UNINITIALIZED_AUTOS = YES_AGGRESSIVE;
				GCC_WARN_UNUSED_FUNCTION = YES;
				GCC_WARN_UNUSED_VARIABLE = YES;
				IPHONEOS_DEPLOYMENT_TARGET = 8.2;
				MTL_ENABLE_DEBUG_INFO = NO;
				SDKROOT = iphoneos;
				VALIDATE_PRODUCT = YES;
			};
			name = Release;
		};
		3E6046EE1B73335600320621 /* Debug */ = {
			isa = XCBuildConfiguration;
			buildSettings = {
				ASSETCATALOG_COMPILER_APPICON_NAME = AppIcon;
				INFOPLIST_FILE = "传值PassedValue/Info.plist";
				IPHONEOS_DEPLOYMENT_TARGET = 8.1;
				LD_RUNPATH_SEARCH_PATHS = "$(inherited) @executable_path/Frameworks";
				PRODUCT_NAME = "$(TARGET_NAME)";
			};
			name = Debug;
		};
		3E6046EF1B73335600320621 /* Release */ = {
			isa = XCBuildConfiguration;
			buildSettings = {
				ASSETCATALOG_COMPILER_APPICON_NAME = AppIcon;
				INFOPLIST_FILE = "传值PassedValue/Info.plist";
				IPHONEOS_DEPLOYMENT_TARGET = 8.1;
				LD_RUNPATH_SEARCH_PATHS = "$(inherited) @executable_path/Frameworks";
				PRODUCT_NAME = "$(TARGET_NAME)";
			};
			name = Release;
		};
		3E6046F11B73335600320621 /* Debug */ = {
			isa = XCBuildConfiguration;
			buildSettings = {
				BUNDLE_LOADER = "$(TEST_HOST)";
				FRAMEWORK_SEARCH_PATHS = (
					"$(SDKROOT)/Developer/Library/Frameworks",
					"$(inherited)",
				);
				GCC_PREPROCESSOR_DEFINITIONS = (
					"DEBUG=1",
					"$(inherited)",
				);
				INFOPLIST_FILE = "传值PassedValueTests/Info.plist";
				LD_RUNPATH_SEARCH_PATHS = "$(inherited) @executable_path/Frameworks @loader_path/Frameworks";
				PRODUCT_NAME = "$(TARGET_NAME)";
				TEST_HOST = "$(BUILT_PRODUCTS_DIR)/传值PassedValue.app/传值PassedValue";
			};
			name = Debug;
		};
		3E6046F21B73335600320621 /* Release */ = {
			isa = XCBuildConfiguration;
			buildSettings = {
				BUNDLE_LOADER = "$(TEST_HOST)";
				FRAMEWORK_SEARCH_PATHS = (
					"$(SDKROOT)/Developer/Library/Frameworks",
					"$(inherited)",
				);
				INFOPLIST_FILE = "传值PassedValueTests/Info.plist";
				LD_RUNPATH_SEARCH_PATHS = "$(inherited) @executable_path/Frameworks @loader_path/Frameworks";
				PRODUCT_NAME = "$(TARGET_NAME)";
				TEST_HOST = "$(BUILT_PRODUCTS_DIR)/传值PassedValue.app/传值PassedValue";
			};
			name = Release;
		};
/* End XCBuildConfiguration section */

/* Begin XCConfigurationList section */
		3E6046C51B73335600320621 /* Build configuration list for PBXProject "传值PassedValue" */ = {
			isa = XCConfigurationList;
			buildConfigurations = (
				3E6046EB1B73335600320621 /* Debug */,
				3E6046EC1B73335600320621 /* Release */,
			);
			defaultConfigurationIsVisible = 0;
			defaultConfigurationName = Release;
		};
		3E6046ED1B73335600320621 /* Build configuration list for PBXNativeTarget "传值PassedValue" */ = {
			isa = XCConfigurationList;
			buildConfigurations = (
				3E6046EE1B73335600320621 /* Debug */,
				3E6046EF1B73335600320621 /* Release */,
			);
			defaultConfigurationIsVisible = 0;
		};
		3E6046F01B73335600320621 /* Build configuration list for PBXNativeTarget "传值PassedValueTests" */ = {
			isa = XCConfigurationList;
			buildConfigurations = (
				3E6046F11B73335600320621 /* Debug */,
				3E6046F21B73335600320621 /* Release */,
			);
			defaultConfigurationIsVisible = 0;
		};
/* End XCConfigurationList section */
	};
	rootObject = 3E6046C21B73335600320621 /* Project object */;
}
